
Microsoft Visual Studio Solution File, Format Version 12.00
# Visual Studio Version 17
VisualStudioVersion = 17.1.32421.90
MinimumVisualStudioVersion = 10.0.40219.1
Project("{FAE04EC0-301F-11D3-BF4B-00C04F79EFBC}") = "LabW_1_2_10_Progs", "LabW_1_2_10_Progs\LabW_1_2_10_Progs.csproj", "{FA40C4B2-BD32-46C5-A4C4-3A84C11A9276}"
EndProject
Global
	GlobalSection(SolutionConfigurationPlatforms) = preSolution
		Debug|Any CPU = Debug|Any CPU
		Release|Any CPU = Release|Any CPU
	EndGlobalSection
	GlobalSection(ProjectConfigurationPlatforms) = postSolution
		{FA40C4B2-BD32-46C5-A4C4-3A84C11A9276}.Debug|Any CPU.ActiveCfg = Debug|Any CPU
		{FA40C4B2-BD32-46C5-A4C4-3A84C11A9276}.Debug|Any CPU.Build.0 = Debug|Any CPU
		{FA40C4B2-BD32-46C5-A4C4-3A84C11A9276}.Release|Any CPU.ActiveCfg = Release|Any CPU
		{FA40C4B2-BD32-46C5-A4C4-3A84C11A9276}.Release|Any CPU.Build.0 = Release|Any CPU
	EndGlobalSection
	GlobalSection(SolutionProperties) = preSolution
		HideSolutionNode = FALSE
	EndGlobalSection
	GlobalSection(ExtensibilityGlobals) = postSolution
		SolutionGuid = {00A6ACC9-601A-4A03-B2CA-E5C1F1CB0A24}
	EndGlobalSection
EndGlobal
